
Microsoft Visual Studio Solution File, Format Version 12.00
# Visual Studio Version 16
VisualStudioVersion = 25.0.1705.4
MinimumVisualStudioVersion = 10.0.40219.1
Project("{FAE04EC0-301F-11D3-BF4B-00C04F79EFBC}") = "ABeginning", "ABeginning\ABeginning.csproj", "{C6F48F91-B857-42D0-AA18-60AF2A3B7D77}"
EndProject
Global
	GlobalSection(SolutionConfigurationPlatforms) = preSolution
		Debug|Any CPU = Debug|Any CPU
		Release|Any CPU = Release|Any CPU
	EndGlobalSection
	GlobalSection(ProjectConfigurationPlatforms) = postSolution
		{C6F48F91-B857-42D0-AA18-60AF2A3B7D77}.Debug|Any CPU.ActiveCfg = Debug|Any CPU
		{C6F48F91-B857-42D0-AA18-60AF2A3B7D77}.Debug|Any CPU.Build.0 = Debug|Any CPU
		{C6F48F91-B857-42D0-AA18-60AF2A3B7D77}.Release|Any CPU.ActiveCfg = Release|Any CPU
		{C6F48F91-B857-42D0-AA18-60AF2A3B7D77}.Release|Any CPU.Build.0 = Release|Any CPU
	EndGlobalSection
	GlobalSection(SolutionProperties) = preSolution
		HideSolutionNode = FALSE
	EndGlobalSection
	GlobalSection(ExtensibilityGlobals) = postSolution
		SolutionGuid = {3EAC1637-EA7D-42F3-835C-8D5AD14483EF}
	EndGlobalSection
EndGlobal
