
Microsoft Visual Studio Solution File, Format Version 12.00
# Visual Studio Version 16
VisualStudioVersion = 25.0.1705.4
MinimumVisualStudioVersion = 10.0.40219.1
Project("{FAE04EC0-301F-11D3-BF4B-00C04F79EFBC}") = "TheOrderOfThings", "TheOrderOfThings\TheOrderOfThings.csproj", "{A254F2CA-32D8-43AB-9C60-AF40454029C8}"
EndProject
Global
	GlobalSection(SolutionConfigurationPlatforms) = preSolution
		Debug|Any CPU = Debug|Any CPU
		Release|Any CPU = Release|Any CPU
	EndGlobalSection
	GlobalSection(ProjectConfigurationPlatforms) = postSolution
		{A254F2CA-32D8-43AB-9C60-AF40454029C8}.Debug|Any CPU.ActiveCfg = Debug|Any CPU
		{A254F2CA-32D8-43AB-9C60-AF40454029C8}.Debug|Any CPU.Build.0 = Debug|Any CPU
		{A254F2CA-32D8-43AB-9C60-AF40454029C8}.Release|Any CPU.ActiveCfg = Release|Any CPU
		{A254F2CA-32D8-43AB-9C60-AF40454029C8}.Release|Any CPU.Build.0 = Release|Any CPU
	EndGlobalSection
	GlobalSection(SolutionProperties) = preSolution
		HideSolutionNode = FALSE
	EndGlobalSection
	GlobalSection(ExtensibilityGlobals) = postSolution
		SolutionGuid = {AAC5F9D0-5C4B-41D1-BD39-E99E3C4BCBED}
	EndGlobalSection
EndGlobal
